// !$*UTF8*$!
{
	archiveVersion = 1;
	classes = {
	};
	objectVersion = 46;
	objects = {

/* Begin PBXBuildFile section */
		B95CDB5517A01C08004D8939 /* UIKit.framework in Frameworks */ = {isa = PBXBuildFile; fileRef = B95CDB5417A01C08004D8939 /* UIKit.framework */; };
		B95CDB5717A01C08004D8939 /* Foundation.framework in Frameworks */ = {isa = PBXBuildFile; fileRef = B95CDB5617A01C08004D8939 /* Foundation.framework */; };
		B95CDB5917A01C08004D8939 /* CoreGraphics.framework in Frameworks */ = {isa = PBXBuildFile; fileRef = B95CDB5817A01C08004D8939 /* CoreGraphics.framework */; };
		B95CDB5F17A01C08004D8939 /* InfoPlist.strings in Resources */ = {isa = PBXBuildFile; fileRef = B95CDB5D17A01C08004D8939 /* InfoPlist.strings */; };
		B95CDB6117A01C08004D8939 /* main.m in Sources */ = {isa = PBXBuildFile; fileRef = B95CDB6017A01C08004D8939 /* main.m */; };
		B95CDB6517A01C08004D8939 /* AppDelegate.m in Sources */ = {isa = PBXBuildFile; fileRef = B95CDB6417A01C08004D8939 /* AppDelegate.m */; };
		B95CDB6717A01C08004D8939 /* Default.png in Resources */ = {isa = PBXBuildFile; fileRef = B95CDB6617A01C08004D8939 /* Default.png */; };
		B95CDB6917A01C08004D8939 /* Default@2x.png in Resources */ = {isa = PBXBuildFile; fileRef = B95CDB6817A01C08004D8939 /* Default@2x.png */; };
		B95CDB6B17A01C08004D8939 /* Default-568h@2x.png in Resources */ = {isa = PBXBuildFile; fileRef = B95CDB6A17A01C08004D8939 /* Default-568h@2x.png */; };
		B977D53917A039BE000D872B /* SplashViewController.m in Sources */ = {isa = PBXBuildFile; fileRef = B977D53817A039BE000D872B /* SplashViewController.m */; };
		B977D53C17A04F07000D872B /* GameViewController.m in Sources */ = {isa = PBXBuildFile; fileRef = B977D53B17A04F07000D872B /* GameViewController.m */; };
		B977D53F17A04F11000D872B /* AboutViewController.m in Sources */ = {isa = PBXBuildFile; fileRef = B977D53E17A04F11000D872B /* AboutViewController.m */; };
		B977D54217A04F18000D872B /* SettingsViewController.m in Sources */ = {isa = PBXBuildFile; fileRef = B977D54117A04F18000D872B /* SettingsViewController.m */; };
		FBF0206CC0273A274360D4F2 /* ScoreBoardView.m in Sources */ = {isa = PBXBuildFile; fileRef = FBF02A5B2884E752953E4D77 /* ScoreBoardView.m */; };
		FBF02142CB47A406D5A96012 /* GameBoard.m in Sources */ = {isa = PBXBuildFile; fileRef = FBF0221AD6E4E46CB8B1583D /* GameBoard.m */; };
		FBF021BA9405AE8F675887CC /* TileChange.m in Sources */ = {isa = PBXBuildFile; fileRef = FBF029B5E664F7419C9BF697 /* TileChange.m */; };
		FBF022A6671E6FAB68B85B3D /* OutletOffset.m in Sources */ = {isa = PBXBuildFile; fileRef = FBF02858041ADC9EA00C9466 /* OutletOffset.m */; };
		FBF024877C6CEB0BD4F57551 /* BoardSweeper.m in Sources */ = {isa = PBXBuildFile; fileRef = FBF02A4385DCF3D6A498AE87 /* BoardSweeper.m */; };
		FBF025668601D483D699BE60 /* QuartzCore.framework in Frameworks */ = {isa = PBXBuildFile; fileRef = FBF02145F9E3C2104569BDF0 /* QuartzCore.framework */; };
		FBF02837D4C06EFF62DDED9D /* SinkTile.m in Sources */ = {isa = PBXBuildFile; fileRef = FBF029B1BC92AF7C4ADE2947 /* SinkTile.m */; };
		FBF028BBB0BE8C88648873EE /* TubeTile.m in Sources */ = {isa = PBXBuildFile; fileRef = FBF02F6DBBC97FD35BC9A654 /* TubeTile.m */; };
		FBF028C6AAD5D4ECC989D6DC /* SourceTile.m in Sources */ = {isa = PBXBuildFile; fileRef = FBF0244D887E461E84A5E82B /* SourceTile.m */; };
		FBF029567594C7F0F1FF7170 /* TileRenderer.m in Sources */ = {isa = PBXBuildFile; fileRef = FBF0271FD9CBEA162C0910BF /* TileRenderer.m */; };
		FBF02A3711221018BB415311 /* TileView.m in Sources */ = {isa = PBXBuildFile; fileRef = FBF02B3BDCE6F4523FE1F072 /* TileView.m */; };
		FBF02B17DBF2C2E6E6395984 /* BoardView.m in Sources */ = {isa = PBXBuildFile; fileRef = FBF02BD2F5145B94C17783CE /* BoardView.m */; };
		FBF02B1802B79B2D8B900DA5 /* OutletProbability.m in Sources */ = {isa = PBXBuildFile; fileRef = FBF02C94AE2A88B46BDAC581 /* OutletProbability.m */; };
		FBF02C2E86FB965B90E2C83A /* SplashView.m in Sources */ = {isa = PBXBuildFile; fileRef = FBF02F373C7B0188AA574414 /* SplashView.m */; };
		FBF02C4BE8890B95C5AD478E /* ScoreKeeper.m in Sources */ = {isa = PBXBuildFile; fileRef = FBF023A64757DA127A41B8EC /* ScoreKeeper.m */; };
		FBF02C6DBA5E4918F7F921F5 /* BaseTile.m in Sources */ = {isa = PBXBuildFile; fileRef = FBF02E2CBF7C33596BC0B5D8 /* BaseTile.m */; };
		FBF02EAF9F852F763FB10E12 /* Outlets.m in Sources */ = {isa = PBXBuildFile; fileRef = FBF02EFC29C65A37D5D0A3C6 /* Outlets.m */; };
		FBF02EDBF1EF8294890CAEA7 /* GamePrefs.m in Sources */ = {isa = PBXBuildFile; fileRef = FBF020B7A4F50586FB54A216 /* GamePrefs.m */; };
/* End PBXBuildFile section */

/* Begin PBXFileReference section */
		B95CDB5117A01C08004D8939 /* TubeTastic.app */ = {isa = PBXFileReference; explicitFileType = wrapper.application; includeInIndex = 0; path = TubeTastic.app; sourceTree = BUILT_PRODUCTS_DIR; };
		B95CDB5417A01C08004D8939 /* UIKit.framework */ = {isa = PBXFileReference; lastKnownFileType = wrapper.framework; name = UIKit.framework; path = System/Library/Frameworks/UIKit.framework; sourceTree = SDKROOT; };
		B95CDB5617A01C08004D8939 /* Foundation.framework */ = {isa = PBXFileReference; lastKnownFileType = wrapper.framework; name = Foundation.framework; path = System/Library/Frameworks/Foundation.framework; sourceTree = SDKROOT; };
		B95CDB5817A01C08004D8939 /* CoreGraphics.framework */ = {isa = PBXFileReference; lastKnownFileType = wrapper.framework; name = CoreGraphics.framework; path = System/Library/Frameworks/CoreGraphics.framework; sourceTree = SDKROOT; };
		B95CDB5C17A01C08004D8939 /* TubeTastic-Info.plist */ = {isa = PBXFileReference; lastKnownFileType = text.plist.xml; path = "TubeTastic-Info.plist"; sourceTree = "<group>"; };
		B95CDB5E17A01C08004D8939 /* en */ = {isa = PBXFileReference; lastKnownFileType = text.plist.strings; name = en; path = en.lproj/InfoPlist.strings; sourceTree = "<group>"; };
		B95CDB6017A01C08004D8939 /* main.m */ = {isa = PBXFileReference; lastKnownFileType = sourcecode.c.objc; path = main.m; sourceTree = "<group>"; };
		B95CDB6217A01C08004D8939 /* TubeTastic-Prefix.pch */ = {isa = PBXFileReference; lastKnownFileType = sourcecode.c.h; path = "TubeTastic-Prefix.pch"; sourceTree = "<group>"; };
		B95CDB6317A01C08004D8939 /* AppDelegate.h */ = {isa = PBXFileReference; lastKnownFileType = sourcecode.c.h; path = AppDelegate.h; sourceTree = "<group>"; };
		B95CDB6417A01C08004D8939 /* AppDelegate.m */ = {isa = PBXFileReference; lastKnownFileType = sourcecode.c.objc; path = AppDelegate.m; sourceTree = "<group>"; };
		B95CDB6617A01C08004D8939 /* Default.png */ = {isa = PBXFileReference; lastKnownFileType = image.png; path = Default.png; sourceTree = "<group>"; };
		B95CDB6817A01C08004D8939 /* Default@2x.png */ = {isa = PBXFileReference; lastKnownFileType = image.png; path = "Default@2x.png"; sourceTree = "<group>"; };
		B95CDB6A17A01C08004D8939 /* Default-568h@2x.png */ = {isa = PBXFileReference; lastKnownFileType = image.png; path = "Default-568h@2x.png"; sourceTree = "<group>"; };
		B977D53717A039BE000D872B /* SplashViewController.h */ = {isa = PBXFileReference; fileEncoding = 4; lastKnownFileType = sourcecode.c.h; path = SplashViewController.h; sourceTree = "<group>"; };
		B977D53817A039BE000D872B /* SplashViewController.m */ = {isa = PBXFileReference; fileEncoding = 4; lastKnownFileType = sourcecode.c.objc; path = SplashViewController.m; sourceTree = "<group>"; };
		B977D53A17A04F07000D872B /* GameViewController.h */ = {isa = PBXFileReference; fileEncoding = 4; lastKnownFileType = sourcecode.c.h; path = GameViewController.h; sourceTree = "<group>"; };
		B977D53B17A04F07000D872B /* GameViewController.m */ = {isa = PBXFileReference; fileEncoding = 4; lastKnownFileType = sourcecode.c.objc; path = GameViewController.m; sourceTree = "<group>"; };
		B977D53D17A04F11000D872B /* AboutViewController.h */ = {isa = PBXFileReference; fileEncoding = 4; lastKnownFileType = sourcecode.c.h; path = AboutViewController.h; sourceTree = "<group>"; };
		B977D53E17A04F11000D872B /* AboutViewController.m */ = {isa = PBXFileReference; fileEncoding = 4; lastKnownFileType = sourcecode.c.objc; path = AboutViewController.m; sourceTree = "<group>"; };
		B977D54017A04F18000D872B /* SettingsViewController.h */ = {isa = PBXFileReference; fileEncoding = 4; lastKnownFileType = sourcecode.c.h; path = SettingsViewController.h; sourceTree = "<group>"; };
		B977D54117A04F18000D872B /* SettingsViewController.m */ = {isa = PBXFileReference; fileEncoding = 4; lastKnownFileType = sourcecode.c.objc; path = SettingsViewController.m; sourceTree = "<group>"; };
		FBF020B7A4F50586FB54A216 /* GamePrefs.m */ = {isa = PBXFileReference; fileEncoding = 4; lastKnownFileType = sourcecode.c.objc; path = GamePrefs.m; sourceTree = "<group>"; };
		FBF02145F9E3C2104569BDF0 /* QuartzCore.framework */ = {isa = PBXFileReference; lastKnownFileType = wrapper.framework; name = QuartzCore.framework; path = System/Library/Frameworks/QuartzCore.framework; sourceTree = SDKROOT; };
		FBF0221AD6E4E46CB8B1583D /* GameBoard.m */ = {isa = PBXFileReference; fileEncoding = 4; lastKnownFileType = sourcecode.c.objc; path = GameBoard.m; sourceTree = "<group>"; };
		FBF023A64757DA127A41B8EC /* ScoreKeeper.m */ = {isa = PBXFileReference; fileEncoding = 4; lastKnownFileType = sourcecode.c.objc; path = ScoreKeeper.m; sourceTree = "<group>"; };
		FBF0244D887E461E84A5E82B /* SourceTile.m */ = {isa = PBXFileReference; fileEncoding = 4; lastKnownFileType = sourcecode.c.objc; path = SourceTile.m; sourceTree = "<group>"; };
		FBF024E83CAD4A931347B590 /* OutletOffset.h */ = {isa = PBXFileReference; fileEncoding = 4; lastKnownFileType = sourcecode.c.h; path = OutletOffset.h; sourceTree = "<group>"; };
		FBF0251A4CB37E410ECAD3E9 /* TileView.h */ = {isa = PBXFileReference; fileEncoding = 4; lastKnownFileType = sourcecode.c.h; path = TileView.h; sourceTree = "<group>"; };
		FBF025CB99EB5A48C9628B90 /* SplashView.h */ = {isa = PBXFileReference; fileEncoding = 4; lastKnownFileType = sourcecode.c.h; path = SplashView.h; sourceTree = "<group>"; };
		FBF0271FD9CBEA162C0910BF /* TileRenderer.m */ = {isa = PBXFileReference; fileEncoding = 4; lastKnownFileType = sourcecode.c.objc; path = TileRenderer.m; sourceTree = "<group>"; };
		FBF027246ECEBC42FCC991B9 /* GamePrefs.h */ = {isa = PBXFileReference; fileEncoding = 4; lastKnownFileType = sourcecode.c.h; path = GamePrefs.h; sourceTree = "<group>"; };
		FBF0277ED5330B6EA46DAE38 /* ScoreBoardView.h */ = {isa = PBXFileReference; fileEncoding = 4; lastKnownFileType = sourcecode.c.h; path = ScoreBoardView.h; sourceTree = "<group>"; };
		FBF027D837C443B443DA1B35 /* OutletProbability.h */ = {isa = PBXFileReference; fileEncoding = 4; lastKnownFileType = sourcecode.c.h; path = OutletProbability.h; sourceTree = "<group>"; };
		FBF02858041ADC9EA00C9466 /* OutletOffset.m */ = {isa = PBXFileReference; fileEncoding = 4; lastKnownFileType = sourcecode.c.objc; path = OutletOffset.m; sourceTree = "<group>"; };
		FBF028978A420F0F532D1AB4 /* TileChange.h */ = {isa = PBXFileReference; fileEncoding = 4; lastKnownFileType = sourcecode.c.h; path = TileChange.h; sourceTree = "<group>"; };
		FBF02974D4335CA2A0D4D0F4 /* SinkTile.h */ = {isa = PBXFileReference; fileEncoding = 4; lastKnownFileType = sourcecode.c.h; path = SinkTile.h; sourceTree = "<group>"; };
		FBF029B1BC92AF7C4ADE2947 /* SinkTile.m */ = {isa = PBXFileReference; fileEncoding = 4; lastKnownFileType = sourcecode.c.objc; path = SinkTile.m; sourceTree = "<group>"; };
		FBF029B5E664F7419C9BF697 /* TileChange.m */ = {isa = PBXFileReference; fileEncoding = 4; lastKnownFileType = sourcecode.c.objc; path = TileChange.m; sourceTree = "<group>"; };
		FBF02A1732E3265484AA9737 /* Outlets.h */ = {isa = PBXFileReference; fileEncoding = 4; lastKnownFileType = sourcecode.c.h; path = Outlets.h; sourceTree = "<group>"; };
		FBF02A1AFF3FEBB7C39EBE73 /* Power.h */ = {isa = PBXFileReference; fileEncoding = 4; lastKnownFileType = sourcecode.c.h; path = Power.h; sourceTree = "<group>"; };
		FBF02A4385DCF3D6A498AE87 /* BoardSweeper.m */ = {isa = PBXFileReference; fileEncoding = 4; lastKnownFileType = sourcecode.c.objc; path = BoardSweeper.m; sourceTree = "<group>"; };
		FBF02A5B2884E752953E4D77 /* ScoreBoardView.m */ = {isa = PBXFileReference; fileEncoding = 4; lastKnownFileType = sourcecode.c.objc; path = ScoreBoardView.m; sourceTree = "<group>"; };
		FBF02B3BDCE6F4523FE1F072 /* TileView.m */ = {isa = PBXFileReference; fileEncoding = 4; lastKnownFileType = sourcecode.c.objc; path = TileView.m; sourceTree = "<group>"; };
		FBF02B74C32C3673ABE7D2F9 /* BoardSweeper.h */ = {isa = PBXFileReference; fileEncoding = 4; lastKnownFileType = sourcecode.c.h; path = BoardSweeper.h; sourceTree = "<group>"; };
		FBF02B7716A5F598D22F7604 /* GameBoard.h */ = {isa = PBXFileReference; fileEncoding = 4; lastKnownFileType = sourcecode.c.h; path = GameBoard.h; sourceTree = "<group>"; };
		FBF02BB2E3E09BF4FD02C23A /* BoardViewEventListener.h */ = {isa = PBXFileReference; fileEncoding = 4; lastKnownFileType = sourcecode.c.h; path = BoardViewEventListener.h; sourceTree = "<group>"; };
		FBF02BD2F5145B94C17783CE /* BoardView.m */ = {isa = PBXFileReference; fileEncoding = 4; lastKnownFileType = sourcecode.c.objc; path = BoardView.m; sourceTree = "<group>"; };
		FBF02C3BF3B5F9F4FD9269C1 /* ScoreKeeper.h */ = {isa = PBXFileReference; fileEncoding = 4; lastKnownFileType = sourcecode.c.h; path = ScoreKeeper.h; sourceTree = "<group>"; };
		FBF02C7C3A3C7CEA39FFE60A /* BoardView.h */ = {isa = PBXFileReference; fileEncoding = 4; lastKnownFileType = sourcecode.c.h; path = BoardView.h; sourceTree = "<group>"; };
		FBF02C94AE2A88B46BDAC581 /* OutletProbability.m */ = {isa = PBXFileReference; fileEncoding = 4; lastKnownFileType = sourcecode.c.objc; path = OutletProbability.m; sourceTree = "<group>"; };
		FBF02D6373321949AA330806 /* SourceTile.h */ = {isa = PBXFileReference; fileEncoding = 4; lastKnownFileType = sourcecode.c.h; path = SourceTile.h; sourceTree = "<group>"; };
		FBF02DCE7C1F71F2AB136368 /* TileRenderer.h */ = {isa = PBXFileReference; fileEncoding = 4; lastKnownFileType = sourcecode.c.h; path = TileRenderer.h; sourceTree = "<group>"; };
		FBF02DE3A926793EA5D6FD8A /* TubeTile.h */ = {isa = PBXFileReference; fileEncoding = 4; lastKnownFileType = sourcecode.c.h; path = TubeTile.h; sourceTree = "<group>"; };
		FBF02E2CBF7C33596BC0B5D8 /* BaseTile.m */ = {isa = PBXFileReference; fileEncoding = 4; lastKnownFileType = sourcecode.c.objc; path = BaseTile.m; sourceTree = "<group>"; };
		FBF02EFC29C65A37D5D0A3C6 /* Outlets.m */ = {isa = PBXFileReference; fileEncoding = 4; lastKnownFileType = sourcecode.c.objc; path = Outlets.m; sourceTree = "<group>"; };
		FBF02F373C7B0188AA574414 /* SplashView.m */ = {isa = PBXFileReference; fileEncoding = 4; lastKnownFileType = sourcecode.c.objc; path = SplashView.m; sourceTree = "<group>"; };
		FBF02F676CEA498522787A99 /* BaseTile.h */ = {isa = PBXFileReference; fileEncoding = 4; lastKnownFileType = sourcecode.c.h; path = BaseTile.h; sourceTree = "<group>"; };
		FBF02F6DBBC97FD35BC9A654 /* TubeTile.m */ = {isa = PBXFileReference; fileEncoding = 4; lastKnownFileType = sourcecode.c.objc; path = TubeTile.m; sourceTree = "<group>"; };
/* End PBXFileReference section */

/* Begin PBXFrameworksBuildPhase section */
		B95CDB4E17A01C08004D8939 /* Frameworks */ = {
			isa = PBXFrameworksBuildPhase;
			buildActionMask = 2147483647;
			files = (
				B95CDB5517A01C08004D8939 /* UIKit.framework in Frameworks */,
				B95CDB5717A01C08004D8939 /* Foundation.framework in Frameworks */,
				B95CDB5917A01C08004D8939 /* CoreGraphics.framework in Frameworks */,
				FBF025668601D483D699BE60 /* QuartzCore.framework in Frameworks */,
			);
			runOnlyForDeploymentPostprocessing = 0;
		};
/* End PBXFrameworksBuildPhase section */

/* Begin PBXGroup section */
		B95CDB4817A01C08004D8939 = {
			isa = PBXGroup;
			children = (
				B95CDB5A17A01C08004D8939 /* TubeTastic */,
				B95CDB5317A01C08004D8939 /* Frameworks */,
				B95CDB5217A01C08004D8939 /* Products */,
			);
			sourceTree = "<group>";
		};
		B95CDB5217A01C08004D8939 /* Products */ = {
			isa = PBXGroup;
			children = (
				B95CDB5117A01C08004D8939 /* TubeTastic.app */,
			);
			name = Products;
			sourceTree = "<group>";
		};
		B95CDB5317A01C08004D8939 /* Frameworks */ = {
			isa = PBXGroup;
			children = (
				B95CDB5417A01C08004D8939 /* UIKit.framework */,
				B95CDB5617A01C08004D8939 /* Foundation.framework */,
				B95CDB5817A01C08004D8939 /* CoreGraphics.framework */,
				FBF02145F9E3C2104569BDF0 /* QuartzCore.framework */,
			);
			name = Frameworks;
			sourceTree = "<group>";
		};
		B95CDB5A17A01C08004D8939 /* TubeTastic */ = {
			isa = PBXGroup;
			children = (
				B95CDB6317A01C08004D8939 /* AppDelegate.h */,
				B95CDB6417A01C08004D8939 /* AppDelegate.m */,
				B977D53717A039BE000D872B /* SplashViewController.h */,
				B977D53817A039BE000D872B /* SplashViewController.m */,
				B95CDB5B17A01C08004D8939 /* Supporting Files */,
				B977D53A17A04F07000D872B /* GameViewController.h */,
				B977D53B17A04F07000D872B /* GameViewController.m */,
				B977D53D17A04F11000D872B /* AboutViewController.h */,
				B977D53E17A04F11000D872B /* AboutViewController.m */,
				B977D54017A04F18000D872B /* SettingsViewController.h */,
				B977D54117A04F18000D872B /* SettingsViewController.m */,
				FBF025CB99EB5A48C9628B90 /* SplashView.h */,
				FBF02F373C7B0188AA574414 /* SplashView.m */,
				FBF0251A4CB37E410ECAD3E9 /* TileView.h */,
				FBF02B3BDCE6F4523FE1F072 /* TileView.m */,
				FBF02E2CBF7C33596BC0B5D8 /* BaseTile.m */,
				FBF02F676CEA498522787A99 /* BaseTile.h */,
				FBF0221AD6E4E46CB8B1583D /* GameBoard.m */,
				FBF02B7716A5F598D22F7604 /* GameBoard.h */,
				FBF02A1AFF3FEBB7C39EBE73 /* Power.h */,
				FBF02EFC29C65A37D5D0A3C6 /* Outlets.m */,
				FBF02A1732E3265484AA9737 /* Outlets.h */,
				FBF02858041ADC9EA00C9466 /* OutletOffset.m */,
				FBF024E83CAD4A931347B590 /* OutletOffset.h */,
				FBF0244D887E461E84A5E82B /* SourceTile.m */,
				FBF02D6373321949AA330806 /* SourceTile.h */,
				FBF029B1BC92AF7C4ADE2947 /* SinkTile.m */,
				FBF02974D4335CA2A0D4D0F4 /* SinkTile.h */,
				FBF02BD2F5145B94C17783CE /* BoardView.m */,
				FBF02C7C3A3C7CEA39FFE60A /* BoardView.h */,
				FBF0271FD9CBEA162C0910BF /* TileRenderer.m */,
				FBF02DCE7C1F71F2AB136368 /* TileRenderer.h */,
				FBF020B7A4F50586FB54A216 /* GamePrefs.m */,
				FBF027246ECEBC42FCC991B9 /* GamePrefs.h */,
				FBF02F6DBBC97FD35BC9A654 /* TubeTile.m */,
				FBF02DE3A926793EA5D6FD8A /* TubeTile.h */,
				FBF02C94AE2A88B46BDAC581 /* OutletProbability.m */,
				FBF027D837C443B443DA1B35 /* OutletProbability.h */,
				FBF029B5E664F7419C9BF697 /* TileChange.m */,
				FBF028978A420F0F532D1AB4 /* TileChange.h */,
				FBF02A4385DCF3D6A498AE87 /* BoardSweeper.m */,
				FBF02B74C32C3673ABE7D2F9 /* BoardSweeper.h */,
				FBF023A64757DA127A41B8EC /* ScoreKeeper.m */,
				FBF02C3BF3B5F9F4FD9269C1 /* ScoreKeeper.h */,
				FBF02A5B2884E752953E4D77 /* ScoreBoardView.m */,
				FBF0277ED5330B6EA46DAE38 /* ScoreBoardView.h */,
				FBF02BB2E3E09BF4FD02C23A /* BoardViewEventListener.h */,
			);
			path = TubeTastic;
			sourceTree = "<group>";
		};
		B95CDB5B17A01C08004D8939 /* Supporting Files */ = {
			isa = PBXGroup;
			children = (
				B95CDB5C17A01C08004D8939 /* TubeTastic-Info.plist */,
				B95CDB5D17A01C08004D8939 /* InfoPlist.strings */,
				B95CDB6017A01C08004D8939 /* main.m */,
				B95CDB6217A01C08004D8939 /* TubeTastic-Prefix.pch */,
				B95CDB6617A01C08004D8939 /* Default.png */,
				B95CDB6817A01C08004D8939 /* Default@2x.png */,
				B95CDB6A17A01C08004D8939 /* Default-568h@2x.png */,
			);
			name = "Supporting Files";
			sourceTree = "<group>";
		};
/* End PBXGroup section */

/* Begin PBXNativeTarget section */
		B95CDB5017A01C08004D8939 /* TubeTastic */ = {
			isa = PBXNativeTarget;
			buildConfigurationList = B95CDB6E17A01C08004D8939 /* Build configuration list for PBXNativeTarget "TubeTastic" */;
			buildPhases = (
				B95CDB4D17A01C08004D8939 /* Sources */,
				B95CDB4E17A01C08004D8939 /* Frameworks */,
				B95CDB4F17A01C08004D8939 /* Resources */,
			);
			buildRules = (
			);
			dependencies = (
			);
			name = TubeTastic;
			productName = TubeTastic;
			productReference = B95CDB5117A01C08004D8939 /* TubeTastic.app */;
			productType = "com.apple.product-type.application";
		};
/* End PBXNativeTarget section */

/* Begin PBXProject section */
		B95CDB4917A01C08004D8939 /* Project object */ = {
			isa = PBXProject;
			attributes = {
				LastUpgradeCheck = 0460;
				ORGANIZATIONNAME = "rick osborne dot org";
			};
			buildConfigurationList = B95CDB4C17A01C08004D8939 /* Build configuration list for PBXProject "TubeTastic" */;
			compatibilityVersion = "Xcode 3.2";
			developmentRegion = English;
			hasScannedForEncodings = 0;
			knownRegions = (
				en,
			);
			mainGroup = B95CDB4817A01C08004D8939;
			productRefGroup = B95CDB5217A01C08004D8939 /* Products */;
			projectDirPath = "";
			projectRoot = "";
			targets = (
				B95CDB5017A01C08004D8939 /* TubeTastic */,
			);
		};
/* End PBXProject section */

/* Begin PBXResourcesBuildPhase section */
		B95CDB4F17A01C08004D8939 /* Resources */ = {
			isa = PBXResourcesBuildPhase;
			buildActionMask = 2147483647;
			files = (
				B95CDB5F17A01C08004D8939 /* InfoPlist.strings in Resources */,
				B95CDB6717A01C08004D8939 /* Default.png in Resources */,
				B95CDB6917A01C08004D8939 /* Default@2x.png in Resources */,
				B95CDB6B17A01C08004D8939 /* Default-568h@2x.png in Resources */,
			);
			runOnlyForDeploymentPostprocessing = 0;
		};
/* End PBXResourcesBuildPhase section */

/* Begin PBXSourcesBuildPhase section */
		B95CDB4D17A01C08004D8939 /* Sources */ = {
			isa = PBXSourcesBuildPhase;
			buildActionMask = 2147483647;
			files = (
				B95CDB6117A01C08004D8939 /* main.m in Sources */,
				B95CDB6517A01C08004D8939 /* AppDelegate.m in Sources */,
				B977D53917A039BE000D872B /* SplashViewController.m in Sources */,
				B977D53C17A04F07000D872B /* GameViewController.m in Sources */,
				B977D53F17A04F11000D872B /* AboutViewController.m in Sources */,
				B977D54217A04F18000D872B /* SettingsViewController.m in Sources */,
				FBF02C2E86FB965B90E2C83A /* SplashView.m in Sources */,
				FBF02A3711221018BB415311 /* TileView.m in Sources */,
				FBF02C6DBA5E4918F7F921F5 /* BaseTile.m in Sources */,
				FBF02142CB47A406D5A96012 /* GameBoard.m in Sources */,
				FBF02EAF9F852F763FB10E12 /* Outlets.m in Sources */,
				FBF022A6671E6FAB68B85B3D /* OutletOffset.m in Sources */,
				FBF028C6AAD5D4ECC989D6DC /* SourceTile.m in Sources */,
				FBF02837D4C06EFF62DDED9D /* SinkTile.m in Sources */,
				FBF02B17DBF2C2E6E6395984 /* BoardView.m in Sources */,
				FBF029567594C7F0F1FF7170 /* TileRenderer.m in Sources */,
				FBF02EDBF1EF8294890CAEA7 /* GamePrefs.m in Sources */,
				FBF028BBB0BE8C88648873EE /* TubeTile.m in Sources */,
				FBF02B1802B79B2D8B900DA5 /* OutletProbability.m in Sources */,
				FBF021BA9405AE8F675887CC /* TileChange.m in Sources */,
				FBF024877C6CEB0BD4F57551 /* BoardSweeper.m in Sources */,
				FBF02C4BE8890B95C5AD478E /* ScoreKeeper.m in Sources */,
				FBF0206CC0273A274360D4F2 /* ScoreBoardView.m in Sources */,
			);
			runOnlyForDeploymentPostprocessing = 0;
		};
/* End PBXSourcesBuildPhase section */

/* Begin PBXVariantGroup section */
		B95CDB5D17A01C08004D8939 /* InfoPlist.strings */ = {
			isa = PBXVariantGroup;
			children = (
				B95CDB5E17A01C08004D8939 /* en */,
			);
			name = InfoPlist.strings;
			sourceTree = "<group>";
		};
/* End PBXVariantGroup section */

/* Begin XCBuildConfiguration section */
		B95CDB6C17A01C08004D8939 /* Debug */ = {
			isa = XCBuildConfiguration;
			buildSettings = {
				ALWAYS_SEARCH_USER_PATHS = NO;
				CLANG_CXX_LANGUAGE_STANDARD = "gnu++0x";
				CLANG_CXX_LIBRARY = "libc++";
				CLANG_ENABLE_OBJC_ARC = YES;
				CLANG_WARN_CONSTANT_CONVERSION = YES;
				CLANG_WARN_EMPTY_BODY = YES;
				CLANG_WARN_ENUM_CONVERSION = YES;
				CLANG_WARN_INT_CONVERSION = YES;
				CLANG_WARN__DUPLICATE_METHOD_MATCH = YES;
				"CODE_SIGN_IDENTITY[sdk=iphoneos*]" = "iPhone Developer";
				COPY_PHASE_STRIP = NO;
				GCC_C_LANGUAGE_STANDARD = gnu99;
				GCC_DYNAMIC_NO_PIC = NO;
				GCC_OPTIMIZATION_LEVEL = 0;
				GCC_PREPROCESSOR_DEFINITIONS = (
					"DEBUG=1",
					"$(inherited)",
				);
				GCC_SYMBOLS_PRIVATE_EXTERN = NO;
				GCC_WARN_ABOUT_RETURN_TYPE = YES;
				GCC_WARN_UNINITIALIZED_AUTOS = YES;
				GCC_WARN_UNUSED_VARIABLE = YES;
				IPHONEOS_DEPLOYMENT_TARGET = 6.1;
				ONLY_ACTIVE_ARCH = YES;
				SDKROOT = iphoneos;
				TARGETED_DEVICE_FAMILY = "1,2";
			};
			name = Debug;
		};
		B95CDB6D17A01C08004D8939 /* Release */ = {
			isa = XCBuildConfiguration;
			buildSettings = {
				ALWAYS_SEARCH_USER_PATHS = NO;
				CLANG_CXX_LANGUAGE_STANDARD = "gnu++0x";
				CLANG_CXX_LIBRARY = "libc++";
				CLANG_ENABLE_OBJC_ARC = YES;
				CLANG_WARN_CONSTANT_CONVERSION = YES;
				CLANG_WARN_EMPTY_BODY = YES;
				CLANG_WARN_ENUM_CONVERSION = YES;
				CLANG_WARN_INT_CONVERSION = YES;
				CLANG_WARN__DUPLICATE_METHOD_MATCH = YES;
				"CODE_SIGN_IDENTITY[sdk=iphoneos*]" = "iPhone Developer";
				COPY_PHASE_STRIP = YES;
				GCC_C_LANGUAGE_STANDARD = gnu99;
				GCC_WARN_ABOUT_RETURN_TYPE = YES;
				GCC_WARN_UNINITIALIZED_AUTOS = YES;
				GCC_WARN_UNUSED_VARIABLE = YES;
				IPHONEOS_DEPLOYMENT_TARGET = 6.1;
				OTHER_CFLAGS = "-DNS_BLOCK_ASSERTIONS=1";
				SDKROOT = iphoneos;
				TARGETED_DEVICE_FAMILY = "1,2";
				VALIDATE_PRODUCT = YES;
			};
			name = Release;
		};
		B95CDB6F17A01C08004D8939 /* Debug */ = {
			isa = XCBuildConfiguration;
			buildSettings = {
				GCC_PRECOMPILE_PREFIX_HEADER = YES;
				GCC_PREFIX_HEADER = "TubeTastic/TubeTastic-Prefix.pch";
				INFOPLIST_FILE = "TubeTastic/TubeTastic-Info.plist";
				PRODUCT_NAME = "$(TARGET_NAME)";
				WRAPPER_EXTENSION = app;
			};
			name = Debug;
		};
		B95CDB7017A01C08004D8939 /* Release */ = {
			isa = XCBuildConfiguration;
			buildSettings = {
				GCC_PRECOMPILE_PREFIX_HEADER = YES;
				GCC_PREFIX_HEADER = "TubeTastic/TubeTastic-Prefix.pch";
				INFOPLIST_FILE = "TubeTastic/TubeTastic-Info.plist";
				PRODUCT_NAME = "$(TARGET_NAME)";
				WRAPPER_EXTENSION = app;
			};
			name = Release;
		};
/* End XCBuildConfiguration section */

/* Begin XCConfigurationList section */
		B95CDB4C17A01C08004D8939 /* Build configuration list for PBXProject "TubeTastic" */ = {
			isa = XCConfigurationList;
			buildConfigurations = (
				B95CDB6C17A01C08004D8939 /* Debug */,
				B95CDB6D17A01C08004D8939 /* Release */,
			);
			defaultConfigurationIsVisible = 0;
			defaultConfigurationName = Release;
		};
		B95CDB6E17A01C08004D8939 /* Build configuration list for PBXNativeTarget "TubeTastic" */ = {
			isa = XCConfigurationList;
			buildConfigurations = (
				B95CDB6F17A01C08004D8939 /* Debug */,
				B95CDB7017A01C08004D8939 /* Release */,
			);
			defaultConfigurationIsVisible = 0;
			defaultConfigurationName = Release;
		};
/* End XCConfigurationList section */
	};
	rootObject = B95CDB4917A01C08004D8939 /* Project object */;
}
